
Microsoft Visual Studio Solution File, Format Version 12.00
# Visual Studio Version 17
VisualStudioVersion = 17.2.32616.157
MinimumVisualStudioVersion = 10.0.40219.1
Project("{9A19103F-16F7-4668-BE54-9A1E7A4F7556}") = "CSharpWars.WebApi", "CSharpWars.WebApi\CSharpWars.WebApi.csproj", "{8FC71C27-F0EF-4DF2-B160-BD50E0208B7E}"
EndProject
Project("{9A19103F-16F7-4668-BE54-9A1E7A4F7556}") = "CSharpWars.Orleans.Host", "CSharpWars.Orleans.Host\CSharpWars.Orleans.Host.csproj", "{C8D2964C-C3D9-4672-9454-4A7F5E9C26A4}"
EndProject
Project("{9A19103F-16F7-4668-BE54-9A1E7A4F7556}") = "CSharpWars.Orleans.Grains", "CSharpWars.Orleans.Grains\CSharpWars.Orleans.Grains.csproj", "{4522F412-FBE9-4593-AC95-2C66AD9E22BF}"
EndProject
Project("{9A19103F-16F7-4668-BE54-9A1E7A4F7556}") = "CSharpWars.Orleans.Contracts", "CSharpWars.Orleans.Contracts\CSharpWars.Orleans.Contracts.csproj", "{63B2A08D-DCFD-422E-B3CC-B9B7C1C2CE1F}"
EndProject
Project("{9A19103F-16F7-4668-BE54-9A1E7A4F7556}") = "CSharpWars.Common", "CSharpWars.Common\CSharpWars.Common.csproj", "{9D3539D0-6DBF-4D6E-9918-81911793F23F}"
EndProject
Project("{9A19103F-16F7-4668-BE54-9A1E7A4F7556}") = "CSharpWars.Mappers", "CSharpWars.Mappers\CSharpWars.Mappers.csproj", "{2EE1A688-250D-4F4A-9EB8-61ABCF883FB3}"
EndProject
Project("{9A19103F-16F7-4668-BE54-9A1E7A4F7556}") = "CSharpWars.WebApi.Contracts", "CSharpWars.WebApi.Contracts\CSharpWars.WebApi.Contracts.csproj", "{37443AD2-ED6F-4A5D-B363-76ADDA5070EA}"
EndProject
Project("{2150E333-8FDC-42A3-9474-1A3956D46DE8}") = "1. Common", "1. Common", "{F3E689E0-27AE-42B7-BDA8-F1C17E5308E0}"
EndProject
Project("{2150E333-8FDC-42A3-9474-1A3956D46DE8}") = "2. WebApi", "2. WebApi", "{A6004DCB-29D9-42A9-9BDA-DFC18FDCB49F}"
EndProject
Project("{2150E333-8FDC-42A3-9474-1A3956D46DE8}") = "3. Orleans", "3. Orleans", "{0626C636-685C-4368-A23E-AC35AF4A03BE}"
EndProject
Global
	GlobalSection(SolutionConfigurationPlatforms) = preSolution
		Debug|Any CPU = Debug|Any CPU
		Release|Any CPU = Release|Any CPU
	EndGlobalSection
	GlobalSection(ProjectConfigurationPlatforms) = postSolution
		{8FC71C27-F0EF-4DF2-B160-BD50E0208B7E}.Debug|Any CPU.ActiveCfg = Debug|Any CPU
		{8FC71C27-F0EF-4DF2-B160-BD50E0208B7E}.Debug|Any CPU.Build.0 = Debug|Any CPU
		{8FC71C27-F0EF-4DF2-B160-BD50E0208B7E}.Release|Any CPU.ActiveCfg = Release|Any CPU
		{8FC71C27-F0EF-4DF2-B160-BD50E0208B7E}.Release|Any CPU.Build.0 = Release|Any CPU
		{C8D2964C-C3D9-4672-9454-4A7F5E9C26A4}.Debug|Any CPU.ActiveCfg = Debug|Any CPU
		{C8D2964C-C3D9-4672-9454-4A7F5E9C26A4}.Debug|Any CPU.Build.0 = Debug|Any CPU
		{C8D2964C-C3D9-4672-9454-4A7F5E9C26A4}.Release|Any CPU.ActiveCfg = Release|Any CPU
		{C8D2964C-C3D9-4672-9454-4A7F5E9C26A4}.Release|Any CPU.Build.0 = Release|Any CPU
		{4522F412-FBE9-4593-AC95-2C66AD9E22BF}.Debug|Any CPU.ActiveCfg = Debug|Any CPU
		{4522F412-FBE9-4593-AC95-2C66AD9E22BF}.Debug|Any CPU.Build.0 = Debug|Any CPU
		{4522F412-FBE9-4593-AC95-2C66AD9E22BF}.Release|Any CPU.ActiveCfg = Release|Any CPU
		{4522F412-FBE9-4593-AC95-2C66AD9E22BF}.Release|Any CPU.Build.0 = Release|Any CPU
		{63B2A08D-DCFD-422E-B3CC-B9B7C1C2CE1F}.Debug|Any CPU.ActiveCfg = Debug|Any CPU
		{63B2A08D-DCFD-422E-B3CC-B9B7C1C2CE1F}.Debug|Any CPU.Build.0 = Debug|Any CPU
		{63B2A08D-DCFD-422E-B3CC-B9B7C1C2CE1F}.Release|Any CPU.ActiveCfg = Release|Any CPU
		{63B2A08D-DCFD-422E-B3CC-B9B7C1C2CE1F}.Release|Any CPU.Build.0 = Release|Any CPU
		{9D3539D0-6DBF-4D6E-9918-81911793F23F}.Debug|Any CPU.ActiveCfg = Debug|Any CPU
		{9D3539D0-6DBF-4D6E-9918-81911793F23F}.Debug|Any CPU.Build.0 = Debug|Any CPU
		{9D3539D0-6DBF-4D6E-9918-81911793F23F}.Release|Any CPU.ActiveCfg = Release|Any CPU
		{9D3539D0-6DBF-4D6E-9918-81911793F23F}.Release|Any CPU.Build.0 = Release|Any CPU
		{2EE1A688-250D-4F4A-9EB8-61ABCF883FB3}.Debug|Any CPU.ActiveCfg = Debug|Any CPU
		{2EE1A688-250D-4F4A-9EB8-61ABCF883FB3}.Debug|Any CPU.Build.0 = Debug|Any CPU
		{2EE1A688-250D-4F4A-9EB8-61ABCF883FB3}.Release|Any CPU.ActiveCfg = Release|Any CPU
		{2EE1A688-250D-4F4A-9EB8-61ABCF883FB3}.Release|Any CPU.Build.0 = Release|Any CPU
		{37443AD2-ED6F-4A5D-B363-76ADDA5070EA}.Debug|Any CPU.ActiveCfg = Debug|Any CPU
		{37443AD2-ED6F-4A5D-B363-76ADDA5070EA}.Debug|Any CPU.Build.0 = Debug|Any CPU
		{37443AD2-ED6F-4A5D-B363-76ADDA5070EA}.Release|Any CPU.ActiveCfg = Release|Any CPU
		{37443AD2-ED6F-4A5D-B363-76ADDA5070EA}.Release|Any CPU.Build.0 = Release|Any CPU
	EndGlobalSection
	GlobalSection(SolutionProperties) = preSolution
		HideSolutionNode = FALSE
	EndGlobalSection
	GlobalSection(NestedProjects) = preSolution
		{8FC71C27-F0EF-4DF2-B160-BD50E0208B7E} = {A6004DCB-29D9-42A9-9BDA-DFC18FDCB49F}
		{C8D2964C-C3D9-4672-9454-4A7F5E9C26A4} = {0626C636-685C-4368-A23E-AC35AF4A03BE}
		{4522F412-FBE9-4593-AC95-2C66AD9E22BF} = {0626C636-685C-4368-A23E-AC35AF4A03BE}
		{63B2A08D-DCFD-422E-B3CC-B9B7C1C2CE1F} = {0626C636-685C-4368-A23E-AC35AF4A03BE}
		{9D3539D0-6DBF-4D6E-9918-81911793F23F} = {F3E689E0-27AE-42B7-BDA8-F1C17E5308E0}
		{2EE1A688-250D-4F4A-9EB8-61ABCF883FB3} = {F3E689E0-27AE-42B7-BDA8-F1C17E5308E0}
		{37443AD2-ED6F-4A5D-B363-76ADDA5070EA} = {A6004DCB-29D9-42A9-9BDA-DFC18FDCB49F}
	EndGlobalSection
	GlobalSection(ExtensibilityGlobals) = postSolution
		SolutionGuid = {05E77F45-867D-46A1-8612-6BDC4F1EAAB3}
	EndGlobalSection
EndGlobal
