<Solution>
  <Folder Name="/1. Common/">
    <Project Path="CSharpWars.Common/CSharpWars.Common.csproj" />
    <Project Path="CSharpWars.Enums/CSharpWars.Enums.csproj" />
    <Project Path="CSharpWars.Mappers/CSharpWars.Mappers.csproj" />
    <Project Path="CSharpWars.Scripting/CSharpWars.Scripting.csproj" />
  </Folder>
  <Folder Name="/2. WebApi/">
    <Project Path="CSharpWars.WebApi.Contracts/CSharpWars.WebApi.Contracts.csproj" />
    <Project Path="CSharpWars.WebApi/CSharpWars.WebApi.csproj" />
  </Folder>
  <Folder Name="/3. Orleans/">
    <Project Path="CSharpWars.Orleans.Common/CSharpWars.Orleans.Common.csproj" />
    <Project Path="CSharpWars.Orleans.Contracts/CSharpWars.Orleans.Contracts.csproj" />
    <Project Path="CSharpWars.Orleans.Grains/CSharpWars.Orleans.Grains.csproj" />
    <Project Path="CSharpWars.Orleans.Host/CSharpWars.Orleans.Host.csproj" />
    <Project Path="CSharpWars.Orleans.Scaler/CSharpWars.Orleans.Scaler.csproj" />
    <Project Path="CSharpWars.Orleans.Validation.Grains/CSharpWars.Orleans.Validation.Grains.csproj" />
    <Project Path="CSharpWars.Orleans.Validation.Host/CSharpWars.Orleans.Validation.Host.csproj" />
  </Folder>
  <Folder Name="/4. Web/">
    <Project Path="CSharpWars.Blazor/CSharpWars.Blazor.csproj" />
    <Project Path="CSharpWars.Web/CSharpWars.Web.csproj" />
  </Folder>
  <Folder Name="/5. Tests/">
    <Project Path="CSharpWars.Tests.BotGenerator/CSharpWars.Tests.BotGenerator.csproj" />
  </Folder>
</Solution>
