
Microsoft Visual Studio Solution File, Format Version 12.00
# Visual Studio Version 17
VisualStudioVersion = 17.2.32616.157
MinimumVisualStudioVersion = 10.0.40219.1
Project("{FAE04EC0-301F-11D3-BF4B-00C04F79EFBC}") = "CSharpWars.WebApi", "CSharpWars.WebApi\CSharpWars.WebApi.csproj", "{8FC71C27-F0EF-4DF2-B160-BD50E0208B7E}"
EndProject
Project("{FAE04EC0-301F-11D3-BF4B-00C04F79EFBC}") = "CSharpWars.Orleans.Host", "CSharpWars.Orleans.Host\CSharpWars.Orleans.Host.csproj", "{C8D2964C-C3D9-4672-9454-4A7F5E9C26A4}"
EndProject
Project("{FAE04EC0-301F-11D3-BF4B-00C04F79EFBC}") = "CSharpWars.Orleans.Grains", "CSharpWars.Orleans.Grains\CSharpWars.Orleans.Grains.csproj", "{4522F412-FBE9-4593-AC95-2C66AD9E22BF}"
EndProject
Global
	GlobalSection(SolutionConfigurationPlatforms) = preSolution
		Debug|Any CPU = Debug|Any CPU
		Release|Any CPU = Release|Any CPU
	EndGlobalSection
	GlobalSection(ProjectConfigurationPlatforms) = postSolution
		{8FC71C27-F0EF-4DF2-B160-BD50E0208B7E}.Debug|Any CPU.ActiveCfg = Debug|Any CPU
		{8FC71C27-F0EF-4DF2-B160-BD50E0208B7E}.Debug|Any CPU.Build.0 = Debug|Any CPU
		{8FC71C27-F0EF-4DF2-B160-BD50E0208B7E}.Release|Any CPU.ActiveCfg = Release|Any CPU
		{8FC71C27-F0EF-4DF2-B160-BD50E0208B7E}.Release|Any CPU.Build.0 = Release|Any CPU
		{C8D2964C-C3D9-4672-9454-4A7F5E9C26A4}.Debug|Any CPU.ActiveCfg = Debug|Any CPU
		{C8D2964C-C3D9-4672-9454-4A7F5E9C26A4}.Debug|Any CPU.Build.0 = Debug|Any CPU
		{C8D2964C-C3D9-4672-9454-4A7F5E9C26A4}.Release|Any CPU.ActiveCfg = Release|Any CPU
		{C8D2964C-C3D9-4672-9454-4A7F5E9C26A4}.Release|Any CPU.Build.0 = Release|Any CPU
		{4522F412-FBE9-4593-AC95-2C66AD9E22BF}.Debug|Any CPU.ActiveCfg = Debug|Any CPU
		{4522F412-FBE9-4593-AC95-2C66AD9E22BF}.Debug|Any CPU.Build.0 = Debug|Any CPU
		{4522F412-FBE9-4593-AC95-2C66AD9E22BF}.Release|Any CPU.ActiveCfg = Release|Any CPU
		{4522F412-FBE9-4593-AC95-2C66AD9E22BF}.Release|Any CPU.Build.0 = Release|Any CPU
	EndGlobalSection
	GlobalSection(SolutionProperties) = preSolution
		HideSolutionNode = FALSE
	EndGlobalSection
	GlobalSection(ExtensibilityGlobals) = postSolution
		SolutionGuid = {05E77F45-867D-46A1-8612-6BDC4F1EAAB3}
	EndGlobalSection
EndGlobal
